
Microsoft Visual Studio Solution File, Format Version 12.00
# Visual Studio Version 16
VisualStudioVersion = 16.0.30204.135
MinimumVisualStudioVersion = 10.0.40219.1
Project("{FAE04EC0-301F-11D3-BF4B-00C04F79EFBC}") = "SFTPConnector_1.0", "SFTPConnector_1.0\SFTPConnector_1.0.csproj", "{0D444195-80DC-447A-A68D-B5B31480238A}"
EndProject
Project("{FAE04EC0-301F-11D3-BF4B-00C04F79EFBC}") = "SFTPConnectorLib", "SFTPConnectorLib\SFTPConnectorLib.csproj", "{7B379AFB-174F-461D-9F0B-25DCB0209CA5}"
EndProject
Global
	GlobalSection(SolutionConfigurationPlatforms) = preSolution
		Debug|Any CPU = Debug|Any CPU
		Release|Any CPU = Release|Any CPU
	EndGlobalSection
	GlobalSection(ProjectConfigurationPlatforms) = postSolution
		{0D444195-80DC-447A-A68D-B5B31480238A}.Debug|Any CPU.ActiveCfg = Debug|Any CPU
		{0D444195-80DC-447A-A68D-B5B31480238A}.Debug|Any CPU.Build.0 = Debug|Any CPU
		{0D444195-80DC-447A-A68D-B5B31480238A}.Release|Any CPU.ActiveCfg = Release|Any CPU
		{0D444195-80DC-447A-A68D-B5B31480238A}.Release|Any CPU.Build.0 = Release|Any CPU
		{7B379AFB-174F-461D-9F0B-25DCB0209CA5}.Debug|Any CPU.ActiveCfg = Debug|Any CPU
		{7B379AFB-174F-461D-9F0B-25DCB0209CA5}.Debug|Any CPU.Build.0 = Debug|Any CPU
		{7B379AFB-174F-461D-9F0B-25DCB0209CA5}.Release|Any CPU.ActiveCfg = Release|Any CPU
		{7B379AFB-174F-461D-9F0B-25DCB0209CA5}.Release|Any CPU.Build.0 = Release|Any CPU
	EndGlobalSection
	GlobalSection(SolutionProperties) = preSolution
		HideSolutionNode = FALSE
	EndGlobalSection
	GlobalSection(ExtensibilityGlobals) = postSolution
		SolutionGuid = {30642353-EF79-4937-90D3-711608AC8FDE}
	EndGlobalSection
EndGlobal
